# This file is automatically @generated by Cargo.
# It is not intended for manual editing.
version = 4

[[package]]
name = "checker"
version = "0.1.0"
dependencies = [
 "kvstore",
 "simcore",
]

[[package]]
name = "harness"
version = "0.1.0"
dependencies = [
 "checker",
 "kvstore",
 "sim-io",
 "simcore",
]

[[package]]
name = "kvstore"
version = "0.1.0"
dependencies = [
 "sim-io",
 "simcore",
]

[[package]]
name = "sim-io"
version = "0.1.0"
dependencies = [
 "simcore",
]

[[package]]
name = "simcore"
version = "0.1.0"
